
Microsoft Visual Studio Solution File, Format Version 12.00
# Visual Studio Version 16
VisualStudioVersion = 16.0.31105.61
MinimumVisualStudioVersion = 10.0.40219.1
Project("{9A19103F-16F7-4668-BE54-9A1E7A4F7556}") = "Exercise_1", "Exersize 1\Exercise_1.csproj", "{0F5B3BA0-337C-4B4F-BE0B-DA5DA62C0A9C}"
EndProject
Project("{9A19103F-16F7-4668-BE54-9A1E7A4F7556}") = "Exercise_2", "Exercise_2\Exercise_2.csproj", "{46E3FEE7-508E-483A-A2AD-9A1829EE30AD}"
EndProject
Project("{FAE04EC0-301F-11D3-BF4B-00C04F79EFBC}") = "Exercise3", "Exercise3\Exercise3.csproj", "{324106FD-EA98-48B9-819E-026B0ABB7FC7}"
EndProject
Project("{FAE04EC0-301F-11D3-BF4B-00C04F79EFBC}") = "Exercise4", "Exercise4\Exercise4.csproj", "{8C88FDFF-E5AA-49F4-A361-EC91C1F02717}"
EndProject
Global
	GlobalSection(SolutionConfigurationPlatforms) = preSolution
		Debug|Any CPU = Debug|Any CPU
		Release|Any CPU = Release|Any CPU
	EndGlobalSection
	GlobalSection(ProjectConfigurationPlatforms) = postSolution
		{0F5B3BA0-337C-4B4F-BE0B-DA5DA62C0A9C}.Debug|Any CPU.ActiveCfg = Debug|Any CPU
		{0F5B3BA0-337C-4B4F-BE0B-DA5DA62C0A9C}.Debug|Any CPU.Build.0 = Debug|Any CPU
		{0F5B3BA0-337C-4B4F-BE0B-DA5DA62C0A9C}.Release|Any CPU.ActiveCfg = Release|Any CPU
		{0F5B3BA0-337C-4B4F-BE0B-DA5DA62C0A9C}.Release|Any CPU.Build.0 = Release|Any CPU
		{46E3FEE7-508E-483A-A2AD-9A1829EE30AD}.Debug|Any CPU.ActiveCfg = Debug|Any CPU
		{46E3FEE7-508E-483A-A2AD-9A1829EE30AD}.Debug|Any CPU.Build.0 = Debug|Any CPU
		{46E3FEE7-508E-483A-A2AD-9A1829EE30AD}.Release|Any CPU.ActiveCfg = Release|Any CPU
		{46E3FEE7-508E-483A-A2AD-9A1829EE30AD}.Release|Any CPU.Build.0 = Release|Any CPU
		{324106FD-EA98-48B9-819E-026B0ABB7FC7}.Debug|Any CPU.ActiveCfg = Debug|Any CPU
		{324106FD-EA98-48B9-819E-026B0ABB7FC7}.Debug|Any CPU.Build.0 = Debug|Any CPU
		{324106FD-EA98-48B9-819E-026B0ABB7FC7}.Release|Any CPU.ActiveCfg = Release|Any CPU
		{324106FD-EA98-48B9-819E-026B0ABB7FC7}.Release|Any CPU.Build.0 = Release|Any CPU
		{8C88FDFF-E5AA-49F4-A361-EC91C1F02717}.Debug|Any CPU.ActiveCfg = Debug|Any CPU
		{8C88FDFF-E5AA-49F4-A361-EC91C1F02717}.Debug|Any CPU.Build.0 = Debug|Any CPU
		{8C88FDFF-E5AA-49F4-A361-EC91C1F02717}.Release|Any CPU.ActiveCfg = Release|Any CPU
		{8C88FDFF-E5AA-49F4-A361-EC91C1F02717}.Release|Any CPU.Build.0 = Release|Any CPU
	EndGlobalSection
	GlobalSection(SolutionProperties) = preSolution
		HideSolutionNode = FALSE
	EndGlobalSection
	GlobalSection(ExtensibilityGlobals) = postSolution
		SolutionGuid = {D105A84B-76AE-412D-9361-0B1A44103466}
	EndGlobalSection
EndGlobal
